github.com/gorilla/websocket v1.5.1 h1:gmztn0JnHVt9JZquRuzLw3g4wouNVzKL15iLr/zn/QY=
github.com/gorilla/websocket v1.5.1/go.mod h1:x3kM2JMyaluk02fnUJpQuwD2dCS5NDG2ZHL0uE0tcaY=
github.com/things-go/go-socks5 v0.0.5 h1:qvKaGcBkfDrUL33SchHN93srAmYGzb4CxSM2DPYufe8=
github.com/things-go/go-socks5 v0.0.5/go.mod h1:mtzInf8v5xmsBpHZVbIw2YQYhc4K0jRwzfsH64Uh0IQ=
golang.org/x/net v0.21.0 h1:AQyQV4dYCvJ7vGmJyKki9+PBdyvhkSd8EIx/qb0AYv4=
golang.org/x/net v0.21.0/go.mod h1:bIjVDfnllIU7BJ2DNgfnXvpSvtn8VRwhlsaeUTyUS44=
